// !$*UTF8*$!
{
	archiveVersion = 1;
	classes = {
	};
	objectVersion = 50;
	objects = {

/* Begin PBXBuildFile section */
		57811D8225772DF100087C60 /* AppDelegate.swift in Sources */ = {isa = PBXBuildFile; fileRef = 57811D8125772DF100087C60 /* AppDelegate.swift */; };
		57811D8425772DF100087C60 /* SceneDelegate.swift in Sources */ = {isa = PBXBuildFile; fileRef = 57811D8325772DF100087C60 /* SceneDelegate.swift */; };
		57811D8625772DF100087C60 /* ViewController.swift in Sources */ = {isa = PBXBuildFile; fileRef = 57811D8525772DF100087C60 /* ViewController.swift */; };
		57811D8925772DF100087C60 /* Main.storyboard in Resources */ = {isa = PBXBuildFile; fileRef = 57811D8725772DF100087C60 /* Main.storyboard */; };
		57811D8B25772DF400087C60 /* Assets.xcassets in Resources */ = {isa = PBXBuildFile; fileRef = 57811D8A25772DF400087C60 /* Assets.xcassets */; };
		57811D8E25772DF400087C60 /* LaunchScreen.storyboard in Resources */ = {isa = PBXBuildFile; fileRef = 57811D8C25772DF400087C60 /* LaunchScreen.storyboard */; };
		699EA7C67E5951F1DDAD73A3 /* Pods_LoadImgWithKingFisher.framework in Frameworks */ = {isa = PBXBuildFile; fileRef = 7A2229387DFAEC7141CBD756 /* Pods_LoadImgWithKingFisher.framework */; };
/* End PBXBuildFile section */

/* Begin PBXFileReference section */
		05284DE0EF7A34EAFDF6932B /* Pods-LoadImgWithKingFisher.debug.xcconfig */ = {isa = PBXFileReference; includeInIndex = 1; lastKnownFileType = text.xcconfig; name = "Pods-LoadImgWithKingFisher.debug.xcconfig"; path = "Target Support Files/Pods-LoadImgWithKingFisher/Pods-LoadImgWithKingFisher.debug.xcconfig"; sourceTree = "<group>"; };
		57811D7E25772DF100087C60 /* LoadImgWithKingFisher.app */ = {isa = PBXFileReference; explicitFileType = wrapper.application; includeInIndex = 0; path = LoadImgWithKingFisher.app; sourceTree = BUILT_PRODUCTS_DIR; };
		57811D8125772DF100087C60 /* AppDelegate.swift */ = {isa = PBXFileReference; lastKnownFileType = sourcecode.swift; path = AppDelegate.swift; sourceTree = "<group>"; };
		57811D8325772DF100087C60 /* SceneDelegate.swift */ = {isa = PBXFileReference; lastKnownFileType = sourcecode.swift; path = SceneDelegate.swift; sourceTree = "<group>"; };
		57811D8525772DF100087C60 /* ViewController.swift */ = {isa = PBXFileReference; lastKnownFileType = sourcecode.swift; path = ViewController.swift; sourceTree = "<group>"; };
		57811D8825772DF100087C60 /* Base */ = {isa = PBXFileReference; lastKnownFileType = file.storyboard; name = Base; path = Base.lproj/Main.storyboard; sourceTree = "<group>"; };
		57811D8A25772DF400087C60 /* Assets.xcassets */ = {isa = PBXFileReference; lastKnownFileType = folder.assetcatalog; path = Assets.xcassets; sourceTree = "<group>"; };
		57811D8D25772DF400087C60 /* Base */ = {isa = PBXFileReference; lastKnownFileType = file.storyboard; name = Base; path = Base.lproj/LaunchScreen.storyboard; sourceTree = "<group>"; };
		57811D8F25772DF400087C60 /* Info.plist */ = {isa = PBXFileReference; lastKnownFileType = text.plist.xml; path = Info.plist; sourceTree = "<group>"; };
		7A2229387DFAEC7141CBD756 /* Pods_LoadImgWithKingFisher.framework */ = {isa = PBXFileReference; explicitFileType = wrapper.framework; includeInIndex = 0; path = Pods_LoadImgWithKingFisher.framework; sourceTree = BUILT_PRODUCTS_DIR; };
		FD2666C26FF87923A28256DB /* Pods-LoadImgWithKingFisher.release.xcconfig */ = {isa = PBXFileReference; includeInIndex = 1; lastKnownFileType = text.xcconfig; name = "Pods-LoadImgWithKingFisher.release.xcconfig"; path = "Target Support Files/Pods-LoadImgWithKingFisher/Pods-LoadImgWithKingFisher.release.xcconfig"; sourceTree = "<group>"; };
/* End PBXFileReference section */

/* Begin PBXFrameworksBuildPhase section */
		57811D7B25772DF100087C60 /* Frameworks */ = {
			isa = PBXFrameworksBuildPhase;
			buildActionMask = 2147483647;
			files = (
				699EA7C67E5951F1DDAD73A3 /* Pods_LoadImgWithKingFisher.framework in Frameworks */,
			);
			runOnlyForDeploymentPostprocessing = 0;
		};
/* End PBXFrameworksBuildPhase section */

/* Begin PBXGroup section */
		57811D7525772DF100087C60 = {
			isa = PBXGroup;
			children = (
				57811D8025772DF100087C60 /* LoadImgWithKingFisher */,
				57811D7F25772DF100087C60 /* Products */,
				F658E2AC722653ACA4BAF47E /* Pods */,
				814C8130F6041346236F3FC6 /* Frameworks */,
			);
			sourceTree = "<group>";
		};
		57811D7F25772DF100087C60 /* Products */ = {
			isa = PBXGroup;
			children = (
				57811D7E25772DF100087C60 /* LoadImgWithKingFisher.app */,
			);
			name = Products;
			sourceTree = "<group>";
		};
		57811D8025772DF100087C60 /* LoadImgWithKingFisher */ = {
			isa = PBXGroup;
			children = (
				57811D8125772DF100087C60 /* AppDelegate.swift */,
				57811D8325772DF100087C60 /* SceneDelegate.swift */,
				57811D8525772DF100087C60 /* ViewController.swift */,
				57811D8725772DF100087C60 /* Main.storyboard */,
				57811D8A25772DF400087C60 /* Assets.xcassets */,
				57811D8C25772DF400087C60 /* LaunchScreen.storyboard */,
				57811D8F25772DF400087C60 /* Info.plist */,
			);
			path = LoadImgWithKingFisher;
			sourceTree = "<group>";
		};
		814C8130F6041346236F3FC6 /* Frameworks */ = {
			isa = PBXGroup;
			children = (
				7A2229387DFAEC7141CBD756 /* Pods_LoadImgWithKingFisher.framework */,
			);
			name = Frameworks;
			sourceTree = "<group>";
		};
		F658E2AC722653ACA4BAF47E /* Pods */ = {
			isa = PBXGroup;
			children = (
				05284DE0EF7A34EAFDF6932B /* Pods-LoadImgWithKingFisher.debug.xcconfig */,
				FD2666C26FF87923A28256DB /* Pods-LoadImgWithKingFisher.release.xcconfig */,
			);
			name = Pods;
			path = Pods;
			sourceTree = "<group>";
		};
/* End PBXGroup section */

/* Begin PBXNativeTarget section */
		57811D7D25772DF100087C60 /* LoadImgWithKingFisher */ = {
			isa = PBXNativeTarget;
			buildConfigurationList = 57811D9225772DF400087C60 /* Build configuration list for PBXNativeTarget "LoadImgWithKingFisher" */;
			buildPhases = (
				4D8DD1F1E0596B12058DFCCA /* [CP] Check Pods Manifest.lock */,
				57811D7A25772DF100087C60 /* Sources */,
				57811D7B25772DF100087C60 /* Frameworks */,
				57811D7C25772DF100087C60 /* Resources */,
				BB5798241C66FAA29D50698B /* [CP] Embed Pods Frameworks */,
			);
			buildRules = (
			);
			dependencies = (
			);
			name = LoadImgWithKingFisher;
			productName = LoadImgWithKingFisher;
			productReference = 57811D7E25772DF100087C60 /* LoadImgWithKingFisher.app */;
			productType = "com.apple.product-type.application";
		};
/* End PBXNativeTarget section */

/* Begin PBXProject section */
		57811D7625772DF100087C60 /* Project object */ = {
			isa = PBXProject;
			attributes = {
				LastSwiftUpdateCheck = 1220;
				LastUpgradeCheck = 1220;
				TargetAttributes = {
					57811D7D25772DF100087C60 = {
						CreatedOnToolsVersion = 12.2;
					};
				};
			};
			buildConfigurationList = 57811D7925772DF100087C60 /* Build configuration list for PBXProject "LoadImgWithKingFisher" */;
			compatibilityVersion = "Xcode 9.3";
			developmentRegion = en;
			hasScannedForEncodings = 0;
			knownRegions = (
				en,
				Base,
			);
			mainGroup = 57811D7525772DF100087C60;
			productRefGroup = 57811D7F25772DF100087C60 /* Products */;
			projectDirPath = "";
			projectRoot = "";
			targets = (
				57811D7D25772DF100087C60 /* LoadImgWithKingFisher */,
			);
		};
/* End PBXProject section */

/* Begin PBXResourcesBuildPhase section */
		57811D7C25772DF100087C60 /* Resources */ = {
			isa = PBXResourcesBuildPhase;
			buildActionMask = 2147483647;
			files = (
				57811D8E25772DF400087C60 /* LaunchScreen.storyboard in Resources */,
				57811D8B25772DF400087C60 /* Assets.xcassets in Resources */,
				57811D8925772DF100087C60 /* Main.storyboard in Resources */,
			);
			runOnlyForDeploymentPostprocessing = 0;
		};
/* End PBXResourcesBuildPhase section */

/* Begin PBXShellScriptBuildPhase section */
		4D8DD1F1E0596B12058DFCCA /* [CP] Check Pods Manifest.lock */ = {
			isa = PBXShellScriptBuildPhase;
			buildActionMask = 2147483647;
			files = (
			);
			inputFileListPaths = (
			);
			inputPaths = (
				"${PODS_PODFILE_DIR_PATH}/Podfile.lock",
				"${PODS_ROOT}/Manifest.lock",
			);
			name = "[CP] Check Pods Manifest.lock";
			outputFileListPaths = (
			);
			outputPaths = (
				"$(DERIVED_FILE_DIR)/Pods-LoadImgWithKingFisher-checkManifestLockResult.txt",
			);
			runOnlyForDeploymentPostprocessing = 0;
			shellPath = /bin/sh;
			shellScript = "diff \"${PODS_PODFILE_DIR_PATH}/Podfile.lock\" \"${PODS_ROOT}/Manifest.lock\" > /dev/null\nif [ $? != 0 ] ; then\n    # print error to STDERR\n    echo \"error: The sandbox is not in sync with the Podfile.lock. Run 'pod install' or update your CocoaPods installation.\" >&2\n    exit 1\nfi\n# This output is used by Xcode 'outputs' to avoid re-running this script phase.\necho \"SUCCESS\" > \"${SCRIPT_OUTPUT_FILE_0}\"\n";
			showEnvVarsInLog = 0;
		};
		BB5798241C66FAA29D50698B /* [CP] Embed Pods Frameworks */ = {
			isa = PBXShellScriptBuildPhase;
			buildActionMask = 2147483647;
			files = (
			);
			inputFileListPaths = (
				"${PODS_ROOT}/Target Support Files/Pods-LoadImgWithKingFisher/Pods-LoadImgWithKingFisher-frameworks-${CONFIGURATION}-input-files.xcfilelist",
			);
			name = "[CP] Embed Pods Frameworks";
			outputFileListPaths = (
				"${PODS_ROOT}/Target Support Files/Pods-LoadImgWithKingFisher/Pods-LoadImgWithKingFisher-frameworks-${CONFIGURATION}-output-files.xcfilelist",
			);
			runOnlyForDeploymentPostprocessing = 0;
			shellPath = /bin/sh;
			shellScript = "\"${PODS_ROOT}/Target Support Files/Pods-LoadImgWithKingFisher/Pods-LoadImgWithKingFisher-frameworks.sh\"\n";
			showEnvVarsInLog = 0;
		};
/* End PBXShellScriptBuildPhase section */

/* Begin PBXSourcesBuildPhase section */
		57811D7A25772DF100087C60 /* Sources */ = {
			isa = PBXSourcesBuildPhase;
			buildActionMask = 2147483647;
			files = (
				57811D8625772DF100087C60 /* ViewController.swift in Sources */,
				57811D8225772DF100087C60 /* AppDelegate.swift in Sources */,
				57811D8425772DF100087C60 /* SceneDelegate.swift in Sources */,
			);
			runOnlyForDeploymentPostprocessing = 0;
		};
/* End PBXSourcesBuildPhase section */

/* Begin PBXVariantGroup section */
		57811D8725772DF100087C60 /* Main.storyboard */ = {
			isa = PBXVariantGroup;
			children = (
				57811D8825772DF100087C60 /* Base */,
			);
			name = Main.storyboard;
			sourceTree = "<group>";
		};
		57811D8C25772DF400087C60 /* LaunchScreen.storyboard */ = {
			isa = PBXVariantGroup;
			children = (
				57811D8D25772DF400087C60 /* Base */,
			);
			name = LaunchScreen.storyboard;
			sourceTree = "<group>";
		};
/* End PBXVariantGroup section */

/* Begin XCBuildConfiguration section */
		57811D9025772DF400087C60 /* Debug */ = {
			isa = XCBuildConfiguration;
			buildSettings = {
				ALWAYS_SEARCH_USER_PATHS = NO;
				CLANG_ANALYZER_NONNULL = YES;
				CLANG_ANALYZER_NUMBER_OBJECT_CONVERSION = YES_AGGRESSIVE;
				CLANG_CXX_LANGUAGE_STANDARD = "gnu++14";
				CLANG_CXX_LIBRARY = "libc++";
				CLANG_ENABLE_MODULES = YES;
				CLANG_ENABLE_OBJC_ARC = YES;
				CLANG_ENABLE_OBJC_WEAK = YES;
				CLANG_WARN_BLOCK_CAPTURE_AUTORELEASING = YES;
				CLANG_WARN_BOOL_CONVERSION = YES;
				CLANG_WARN_COMMA = YES;
				CLANG_WARN_CONSTANT_CONVERSION = YES;
				CLANG_WARN_DEPRECATED_OBJC_IMPLEMENTATIONS = YES;
				CLANG_WARN_DIRECT_OBJC_ISA_USAGE = YES_ERROR;
				CLANG_WARN_DOCUMENTATION_COMMENTS = YES;
				CLANG_WARN_EMPTY_BODY = YES;
				CLANG_WARN_ENUM_CONVERSION = YES;
				CLANG_WARN_INFINITE_RECURSION = YES;
				CLANG_WARN_INT_CONVERSION = YES;
				CLANG_WARN_NON_LITERAL_NULL_CONVERSION = YES;
				CLANG_WARN_OBJC_IMPLICIT_RETAIN_SELF = YES;
				CLANG_WARN_OBJC_LITERAL_CONVERSION = YES;
				CLANG_WARN_OBJC_ROOT_CLASS = YES_ERROR;
				CLANG_WARN_QUOTED_INCLUDE_IN_FRAMEWORK_HEADER = YES;
				CLANG_WARN_RANGE_LOOP_ANALYSIS = YES;
				CLANG_WARN_STRICT_PROTOTYPES = YES;
				CLANG_WARN_SUSPICIOUS_MOVE = YES;
				CLANG_WARN_UNGUARDED_AVAILABILITY = YES_AGGRESSIVE;
				CLANG_WARN_UNREACHABLE_CODE = YES;
				CLANG_WARN__DUPLICATE_METHOD_MATCH = YES;
				COPY_PHASE_STRIP = NO;
				DEBUG_INFORMATION_FORMAT = dwarf;
				ENABLE_STRICT_OBJC_MSGSEND = YES;
				ENABLE_TESTABILITY = YES;
				GCC_C_LANGUAGE_STANDARD = gnu11;
				GCC_DYNAMIC_NO_PIC = NO;
				GCC_NO_COMMON_BLOCKS = YES;
				GCC_OPTIMIZATION_LEVEL = 0;
				GCC_PREPROCESSOR_DEFINITIONS = (
					"DEBUG=1",
					"$(inherited)",
				);
				GCC_WARN_64_TO_32_BIT_CONVERSION = YES;
				GCC_WARN_ABOUT_RETURN_TYPE = YES_ERROR;
				GCC_WARN_UNDECLARED_SELECTOR = YES;
				GCC_WARN_UNINITIALIZED_AUTOS = YES_AGGRESSIVE;
				GCC_WARN_UNUSED_FUNCTION = YES;
				GCC_WARN_UNUSED_VARIABLE = YES;
				IPHONEOS_DEPLOYMENT_TARGET = 14.2;
				MTL_ENABLE_DEBUG_INFO = INCLUDE_SOURCE;
				MTL_FAST_MATH = YES;
				ONLY_ACTIVE_ARCH = YES;
				SDKROOT = iphoneos;
				SWIFT_ACTIVE_COMPILATION_CONDITIONS = DEBUG;
				SWIFT_OPTIMIZATION_LEVEL = "-Onone";
			};
			name = Debug;
		};
		57811D9125772DF400087C60 /* Release */ = {
			isa = XCBuildConfiguration;
			buildSettings = {
				ALWAYS_SEARCH_USER_PATHS = NO;
				CLANG_ANALYZER_NONNULL = YES;
				CLANG_ANALYZER_NUMBER_OBJECT_CONVERSION = YES_AGGRESSIVE;
				CLANG_CXX_LANGUAGE_STANDARD = "gnu++14";
				CLANG_CXX_LIBRARY = "libc++";
				CLANG_ENABLE_MODULES = YES;
				CLANG_ENABLE_OBJC_ARC = YES;
				CLANG_ENABLE_OBJC_WEAK = YES;
				CLANG_WARN_BLOCK_CAPTURE_AUTORELEASING = YES;
				CLANG_WARN_BOOL_CONVERSION = YES;
				CLANG_WARN_COMMA = YES;
				CLANG_WARN_CONSTANT_CONVERSION = YES;
				CLANG_WARN_DEPRECATED_OBJC_IMPLEMENTATIONS = YES;
				CLANG_WARN_DIRECT_OBJC_ISA_USAGE = YES_ERROR;
				CLANG_WARN_DOCUMENTATION_COMMENTS = YES;
				CLANG_WARN_EMPTY_BODY = YES;
				CLANG_WARN_ENUM_CONVERSION = YES;
				CLANG_WARN_INFINITE_RECURSION = YES;
				CLANG_WARN_INT_CONVERSION = YES;
				CLANG_WARN_NON_LITERAL_NULL_CONVERSION = YES;
				CLANG_WARN_OBJC_IMPLICIT_RETAIN_SELF = YES;
				CLANG_WARN_OBJC_LITERAL_CONVERSION = YES;
				CLANG_WARN_OBJC_ROOT_CLASS = YES_ERROR;
				CLANG_WARN_QUOTED_INCLUDE_IN_FRAMEWORK_HEADER = YES;
				CLANG_WARN_RANGE_LOOP_ANALYSIS = YES;
				CLANG_WARN_STRICT_PROTOTYPES = YES;
				CLANG_WARN_SUSPICIOUS_MOVE = YES;
				CLANG_WARN_UNGUARDED_AVAILABILITY = YES_AGGRESSIVE;
				CLANG_WARN_UNREACHABLE_CODE = YES;
				CLANG_WARN__DUPLICATE_METHOD_MATCH = YES;
				COPY_PHASE_STRIP = NO;
				DEBUG_INFORMATION_FORMAT = "dwarf-with-dsym";
				ENABLE_NS_ASSERTIONS = NO;
				ENABLE_STRICT_OBJC_MSGSEND = YES;
				GCC_C_LANGUAGE_STANDARD = gnu11;
				GCC_NO_COMMON_BLOCKS = YES;
				GCC_WARN_64_TO_32_BIT_CONVERSION = YES;
				GCC_WARN_ABOUT_RETURN_TYPE = YES_ERROR;
				GCC_WARN_UNDECLARED_SELECTOR = YES;
				GCC_WARN_UNINITIALIZED_AUTOS = YES_AGGRESSIVE;
				GCC_WARN_UNUSED_FUNCTION = YES;
				GCC_WARN_UNUSED_VARIABLE = YES;
				IPHONEOS_DEPLOYMENT_TARGET = 14.2;
				MTL_ENABLE_DEBUG_INFO = NO;
				MTL_FAST_MATH = YES;
				SDKROOT = iphoneos;
				SWIFT_COMPILATION_MODE = wholemodule;
				SWIFT_OPTIMIZATION_LEVEL = "-O";
				VALIDATE_PRODUCT = YES;
			};
			name = Release;
		};
		57811D9325772DF400087C60 /* Debug */ = {
			isa = XCBuildConfiguration;
			baseConfigurationReference = 05284DE0EF7A34EAFDF6932B /* Pods-LoadImgWithKingFisher.debug.xcconfig */;
			buildSettings = {
				ASSETCATALOG_COMPILER_APPICON_NAME = AppIcon;
				ASSETCATALOG_COMPILER_GLOBAL_ACCENT_COLOR_NAME = AccentColor;
				CODE_SIGN_STYLE = Automatic;
				INFOPLIST_FILE = LoadImgWithKingFisher/Info.plist;
				LD_RUNPATH_SEARCH_PATHS = (
					"$(inherited)",
					"@executable_path/Frameworks",
				);
				PRODUCT_BUNDLE_IDENTIFIER = com.edrees.LoadImgWithKingFisher;
				PRODUCT_NAME = "$(TARGET_NAME)";
				SWIFT_VERSION = 5.0;
				TARGETED_DEVICE_FAMILY = "1,2";
			};
			name = Debug;
		};
		57811D9425772DF400087C60 /* Release */ = {
			isa = XCBuildConfiguration;
			baseConfigurationReference = FD2666C26FF87923A28256DB /* Pods-LoadImgWithKingFisher.release.xcconfig */;
			buildSettings = {
				ASSETCATALOG_COMPILER_APPICON_NAME = AppIcon;
				ASSETCATALOG_COMPILER_GLOBAL_ACCENT_COLOR_NAME = AccentColor;
				CODE_SIGN_STYLE = Automatic;
				INFOPLIST_FILE = LoadImgWithKingFisher/Info.plist;
				LD_RUNPATH_SEARCH_PATHS = (
					"$(inherited)",
					"@executable_path/Frameworks",
				);
				PRODUCT_BUNDLE_IDENTIFIER = com.edrees.LoadImgWithKingFisher;
				PRODUCT_NAME = "$(TARGET_NAME)";
				SWIFT_VERSION = 5.0;
				TARGETED_DEVICE_FAMILY = "1,2";
			};
			name = Release;
		};
/* End XCBuildConfiguration section */

/* Begin XCConfigurationList section */
		57811D7925772DF100087C60 /* Build configuration list for PBXProject "LoadImgWithKingFisher" */ = {
			isa = XCConfigurationList;
			buildConfigurations = (
				57811D9025772DF400087C60 /* Debug */,
				57811D9125772DF400087C60 /* Release */,
			);
			defaultConfigurationIsVisible = 0;
			defaultConfigurationName = Release;
		};
		57811D9225772DF400087C60 /* Build configuration list for PBXNativeTarget "LoadImgWithKingFisher" */ = {
			isa = XCConfigurationList;
			buildConfigurations = (
				57811D9325772DF400087C60 /* Debug */,
				57811D9425772DF400087C60 /* Release */,
			);
			defaultConfigurationIsVisible = 0;
			defaultConfigurationName = Release;
		};
/* End XCConfigurationList section */
	};
	rootObject = 57811D7625772DF100087C60 /* Project object */;
}
